
Microsoft Visual Studio Solution File, Format Version 12.00
# Visual Studio Version 16
VisualStudioVersion = 16.0.31515.178
MinimumVisualStudioVersion = 10.0.40219.1
Project("{9A19103F-16F7-4668-BE54-9A1E7A4F7556}") = "CabInvioceGenerater", "CabInvoice\CabInvioceGenerater.csproj", "{76414492-ADAA-42E0-A63C-EE82C5D19D18}"
EndProject
Project("{FAE04EC0-301F-11D3-BF4B-00C04F79EFBC}") = "TestProject1", "TestProject1\TestProject1.csproj", "{C9A76BF0-BC8B-460D-9A80-37C0FD2FD354}"
EndProject
Global
	GlobalSection(SolutionConfigurationPlatforms) = preSolution
		Debug|Any CPU = Debug|Any CPU
		Release|Any CPU = Release|Any CPU
	EndGlobalSection
	GlobalSection(ProjectConfigurationPlatforms) = postSolution
		{76414492-ADAA-42E0-A63C-EE82C5D19D18}.Debug|Any CPU.ActiveCfg = Debug|Any CPU
		{76414492-ADAA-42E0-A63C-EE82C5D19D18}.Debug|Any CPU.Build.0 = Debug|Any CPU
		{76414492-ADAA-42E0-A63C-EE82C5D19D18}.Release|Any CPU.ActiveCfg = Release|Any CPU
		{76414492-ADAA-42E0-A63C-EE82C5D19D18}.Release|Any CPU.Build.0 = Release|Any CPU
		{C9A76BF0-BC8B-460D-9A80-37C0FD2FD354}.Debug|Any CPU.ActiveCfg = Debug|Any CPU
		{C9A76BF0-BC8B-460D-9A80-37C0FD2FD354}.Debug|Any CPU.Build.0 = Debug|Any CPU
		{C9A76BF0-BC8B-460D-9A80-37C0FD2FD354}.Release|Any CPU.ActiveCfg = Release|Any CPU
		{C9A76BF0-BC8B-460D-9A80-37C0FD2FD354}.Release|Any CPU.Build.0 = Release|Any CPU
	EndGlobalSection
	GlobalSection(SolutionProperties) = preSolution
		HideSolutionNode = FALSE
	EndGlobalSection
	GlobalSection(ExtensibilityGlobals) = postSolution
		SolutionGuid = {0422B528-C2E8-4D16-8CF5-49563C293DF8}
	EndGlobalSection
EndGlobal
